
Microsoft Visual Studio Solution File, Format Version 12.00
# Visual Studio Version 17
VisualStudioVersion = 17.5.33424.131
MinimumVisualStudioVersion = 10.0.40219.1
Project("{FAE04EC0-301F-11D3-BF4B-00C04F79EFBC}") = "DG.Common.Http", "src\DG.Common.Http.csproj", "{A64BB580-9B54-48C0-B954-6D67D1C5DDE0}"
EndProject
Project("{FAE04EC0-301F-11D3-BF4B-00C04F79EFBC}") = "DG.Common.Http.Tests", "tests\DG.Common.Http.Tests.csproj", "{E39CA108-A554-4A60-AC16-D124E628B16C}"
EndProject
Project("{FAE04EC0-301F-11D3-BF4B-00C04F79EFBC}") = "DG.Common.Http.DependencyInjection", "dependency-injection\DG.Common.Http.DependencyInjection.csproj", "{F5282D3D-99E3-4797-8F5E-155CECDB1E39}"
EndProject
Project("{2150E333-8FDC-42A3-9474-1A3956D46DE8}") = "Tests", "Tests", "{02EA681E-C7D8-13C7-8484-4AC65E1B71E8}"
EndProject
Global
	GlobalSection(SolutionConfigurationPlatforms) = preSolution
		Debug|Any CPU = Debug|Any CPU
		Release|Any CPU = Release|Any CPU
	EndGlobalSection
	GlobalSection(ProjectConfigurationPlatforms) = postSolution
		{A64BB580-9B54-48C0-B954-6D67D1C5DDE0}.Debug|Any CPU.ActiveCfg = Debug|Any CPU
		{A64BB580-9B54-48C0-B954-6D67D1C5DDE0}.Debug|Any CPU.Build.0 = Debug|Any CPU
		{A64BB580-9B54-48C0-B954-6D67D1C5DDE0}.Release|Any CPU.ActiveCfg = Release|Any CPU
		{A64BB580-9B54-48C0-B954-6D67D1C5DDE0}.Release|Any CPU.Build.0 = Release|Any CPU
		{E39CA108-A554-4A60-AC16-D124E628B16C}.Debug|Any CPU.ActiveCfg = Debug|Any CPU
		{E39CA108-A554-4A60-AC16-D124E628B16C}.Debug|Any CPU.Build.0 = Debug|Any CPU
		{E39CA108-A554-4A60-AC16-D124E628B16C}.Release|Any CPU.ActiveCfg = Release|Any CPU
		{E39CA108-A554-4A60-AC16-D124E628B16C}.Release|Any CPU.Build.0 = Release|Any CPU
		{F5282D3D-99E3-4797-8F5E-155CECDB1E39}.Debug|Any CPU.ActiveCfg = Debug|Any CPU
		{F5282D3D-99E3-4797-8F5E-155CECDB1E39}.Debug|Any CPU.Build.0 = Debug|Any CPU
		{F5282D3D-99E3-4797-8F5E-155CECDB1E39}.Release|Any CPU.ActiveCfg = Release|Any CPU
		{F5282D3D-99E3-4797-8F5E-155CECDB1E39}.Release|Any CPU.Build.0 = Release|Any CPU
	EndGlobalSection
	GlobalSection(SolutionProperties) = preSolution
		HideSolutionNode = FALSE
	EndGlobalSection
	GlobalSection(NestedProjects) = preSolution
		{E39CA108-A554-4A60-AC16-D124E628B16C} = {02EA681E-C7D8-13C7-8484-4AC65E1B71E8}
	EndGlobalSection
	GlobalSection(ExtensibilityGlobals) = postSolution
		SolutionGuid = {37C36B3D-D652-41DF-AF97-F051E5EFA598}
	EndGlobalSection
EndGlobal
